
Microsoft Visual Studio Solution File, Format Version 12.00
Project("{FAE04EC0-301F-11D3-BF4B-00C04F79EFBC}") = "Booky.PL", "Booky.PL\Booky.PL.csproj", "{D8277CFB-8FD7-46EF-B31B-7F0AA1111049}"
EndProject
Project("{FAE04EC0-301F-11D3-BF4B-00C04F79EFBC}") = "Booky.ADL", "Booky.ADL\Booky.ADL.csproj", "{8AD1E76E-3987-4B8F-B8A6-A829996D2179}"
EndProject
Project("{FAE04EC0-301F-11D3-BF4B-00C04F79EFBC}") = "Booky.BL", "Booky.BL\Booky.BL.csproj", "{F7410119-9E8F-4D96-A11F-6D9D859EC2B0}"
EndProject
Global
	GlobalSection(SolutionConfigurationPlatforms) = preSolution
		Debug|Any CPU = Debug|Any CPU
		Release|Any CPU = Release|Any CPU
	EndGlobalSection
	GlobalSection(ProjectConfigurationPlatforms) = postSolution
		{D8277CFB-8FD7-46EF-B31B-7F0AA1111049}.Debug|Any CPU.ActiveCfg = Debug|Any CPU
		{D8277CFB-8FD7-46EF-B31B-7F0AA1111049}.Debug|Any CPU.Build.0 = Debug|Any CPU
		{D8277CFB-8FD7-46EF-B31B-7F0AA1111049}.Release|Any CPU.ActiveCfg = Release|Any CPU
		{D8277CFB-8FD7-46EF-B31B-7F0AA1111049}.Release|Any CPU.Build.0 = Release|Any CPU
		{8AD1E76E-3987-4B8F-B8A6-A829996D2179}.Debug|Any CPU.ActiveCfg = Debug|Any CPU
		{8AD1E76E-3987-4B8F-B8A6-A829996D2179}.Debug|Any CPU.Build.0 = Debug|Any CPU
		{8AD1E76E-3987-4B8F-B8A6-A829996D2179}.Release|Any CPU.ActiveCfg = Release|Any CPU
		{8AD1E76E-3987-4B8F-B8A6-A829996D2179}.Release|Any CPU.Build.0 = Release|Any CPU
		{F7410119-9E8F-4D96-A11F-6D9D859EC2B0}.Debug|Any CPU.ActiveCfg = Debug|Any CPU
		{F7410119-9E8F-4D96-A11F-6D9D859EC2B0}.Debug|Any CPU.Build.0 = Debug|Any CPU
		{F7410119-9E8F-4D96-A11F-6D9D859EC2B0}.Release|Any CPU.ActiveCfg = Release|Any CPU
		{F7410119-9E8F-4D96-A11F-6D9D859EC2B0}.Release|Any CPU.Build.0 = Release|Any CPU
	EndGlobalSection
EndGlobal
